
Microsoft Visual Studio Solution File, Format Version 12.00
# Visual Studio Version 17
VisualStudioVersion = 17.12.35527.113 d17.12
MinimumVisualStudioVersion = 10.0.40219.1
Project("{FAE04EC0-301F-11D3-BF4B-00C04F79EFBC}") = "BalloonArtistry.Server", "BalloonArtistry.Server\BalloonArtistry.Server.csproj", "{35CBA26A-DD33-47EF-8CFB-146E0D7B6C8D}"
EndProject
Project("{54A90642-561A-4BB1-A94E-469ADEE60C69}") = "balloonartistry.client", "balloonartistry.client\balloonartistry.client.esproj", "{0534C889-D31E-4CFA-B429-9C9BFC77B1EF}"
EndProject
Global
	GlobalSection(SolutionConfigurationPlatforms) = preSolution
		Debug|Any CPU = Debug|Any CPU
		Release|Any CPU = Release|Any CPU
	EndGlobalSection
	GlobalSection(ProjectConfigurationPlatforms) = postSolution
		{35CBA26A-DD33-47EF-8CFB-146E0D7B6C8D}.Debug|Any CPU.ActiveCfg = Debug|Any CPU
		{35CBA26A-DD33-47EF-8CFB-146E0D7B6C8D}.Debug|Any CPU.Build.0 = Debug|Any CPU
		{35CBA26A-DD33-47EF-8CFB-146E0D7B6C8D}.Release|Any CPU.ActiveCfg = Release|Any CPU
		{35CBA26A-DD33-47EF-8CFB-146E0D7B6C8D}.Release|Any CPU.Build.0 = Release|Any CPU
		{0534C889-D31E-4CFA-B429-9C9BFC77B1EF}.Debug|Any CPU.ActiveCfg = Debug|Any CPU
		{0534C889-D31E-4CFA-B429-9C9BFC77B1EF}.Debug|Any CPU.Build.0 = Debug|Any CPU
		{0534C889-D31E-4CFA-B429-9C9BFC77B1EF}.Debug|Any CPU.Deploy.0 = Debug|Any CPU
		{0534C889-D31E-4CFA-B429-9C9BFC77B1EF}.Release|Any CPU.ActiveCfg = Release|Any CPU
		{0534C889-D31E-4CFA-B429-9C9BFC77B1EF}.Release|Any CPU.Build.0 = Release|Any CPU
		{0534C889-D31E-4CFA-B429-9C9BFC77B1EF}.Release|Any CPU.Deploy.0 = Release|Any CPU
	EndGlobalSection
	GlobalSection(SolutionProperties) = preSolution
		HideSolutionNode = FALSE
	EndGlobalSection
EndGlobal
